
Microsoft Visual Studio Solution File, Format Version 12.00
# Visual Studio Version 16
VisualStudioVersion = 16.0.31729.503
MinimumVisualStudioVersion = 10.0.40219.1
Project("{FAE04EC0-301F-11D3-BF4B-00C04F79EFBC}") = "AutoCarManagementSystem", "AutoCarManagementSystem.csproj", "{9CF235D6-8660-44D7-AB86-7212DC537DEE}"
EndProject
Project("{FAE04EC0-301F-11D3-BF4B-00C04F79EFBC}") = "BLL", "..\BLL\BLL.csproj", "{45C0B7B0-BC88-4B3B-ABA1-620EE0713288}"
EndProject
Project("{2150E333-8FDC-42A3-9474-1A3956D46DE8}") = "NewFolder1", "NewFolder1", "{00A999A7-8D36-42C0-8402-3141D9BC390F}"
EndProject
Global
	GlobalSection(SolutionConfigurationPlatforms) = preSolution
		Debug|Any CPU = Debug|Any CPU
		Release|Any CPU = Release|Any CPU
	EndGlobalSection
	GlobalSection(ProjectConfigurationPlatforms) = postSolution
		{9CF235D6-8660-44D7-AB86-7212DC537DEE}.Debug|Any CPU.ActiveCfg = Debug|Any CPU
		{9CF235D6-8660-44D7-AB86-7212DC537DEE}.Debug|Any CPU.Build.0 = Debug|Any CPU
		{9CF235D6-8660-44D7-AB86-7212DC537DEE}.Release|Any CPU.ActiveCfg = Release|Any CPU
		{9CF235D6-8660-44D7-AB86-7212DC537DEE}.Release|Any CPU.Build.0 = Release|Any CPU
		{45C0B7B0-BC88-4B3B-ABA1-620EE0713288}.Debug|Any CPU.ActiveCfg = Debug|Any CPU
		{45C0B7B0-BC88-4B3B-ABA1-620EE0713288}.Debug|Any CPU.Build.0 = Debug|Any CPU
		{45C0B7B0-BC88-4B3B-ABA1-620EE0713288}.Release|Any CPU.ActiveCfg = Release|Any CPU
		{45C0B7B0-BC88-4B3B-ABA1-620EE0713288}.Release|Any CPU.Build.0 = Release|Any CPU
	EndGlobalSection
	GlobalSection(SolutionProperties) = preSolution
		HideSolutionNode = FALSE
	EndGlobalSection
	GlobalSection(ExtensibilityGlobals) = postSolution
		SolutionGuid = {95180AC6-3B1C-4641-A8C3-3494236989CC}
	EndGlobalSection
EndGlobal
